
Microsoft Visual Studio Solution File, Format Version 12.00
# Visual Studio Version 17
VisualStudioVersion = 17.4.33103.184
MinimumVisualStudioVersion = 10.0.40219.1
Project("{FAE04EC0-301F-11D3-BF4B-00C04F79EFBC}") = "OraculoMVC", "OraculoMVC\OraculoMVC.csproj", "{685605D4-DEFF-449E-BE30-696203BBFF2B}"
EndProject
Global
	GlobalSection(SolutionConfigurationPlatforms) = preSolution
		Debug|Any CPU = Debug|Any CPU
		Release|Any CPU = Release|Any CPU
	EndGlobalSection
	GlobalSection(ProjectConfigurationPlatforms) = postSolution
		{685605D4-DEFF-449E-BE30-696203BBFF2B}.Debug|Any CPU.ActiveCfg = Debug|Any CPU
		{685605D4-DEFF-449E-BE30-696203BBFF2B}.Debug|Any CPU.Build.0 = Debug|Any CPU
		{685605D4-DEFF-449E-BE30-696203BBFF2B}.Release|Any CPU.ActiveCfg = Release|Any CPU
		{685605D4-DEFF-449E-BE30-696203BBFF2B}.Release|Any CPU.Build.0 = Release|Any CPU
	EndGlobalSection
	GlobalSection(SolutionProperties) = preSolution
		HideSolutionNode = FALSE
	EndGlobalSection
	GlobalSection(ExtensibilityGlobals) = postSolution
		SolutionGuid = {C7DD6396-C50E-4CE0-A63D-71C7396A41C4}
	EndGlobalSection
EndGlobal
